// !$*UTF8*$!
{
	archiveVersion = 1;
	classes = {
	};
	objectVersion = 51;
	objects = {

/* Begin PBXBuildFile section */
		0AA3E0673B030831FAAA17CA /* Pods_MVVM_Rxswift.framework in Frameworks */ = {isa = PBXBuildFile; fileRef = CBB8FA9586B40F271932CBD5 /* Pods_MVVM_Rxswift.framework */; };
		AEAA54192476B5C100C39CD8 /* AppDelegate.swift in Sources */ = {isa = PBXBuildFile; fileRef = AEAA54182476B5C100C39CD8 /* AppDelegate.swift */; };
		AEAA541B2476B5C100C39CD8 /* SceneDelegate.swift in Sources */ = {isa = PBXBuildFile; fileRef = AEAA541A2476B5C100C39CD8 /* SceneDelegate.swift */; };
		AEAA541D2476B5C100C39CD8 /* ViewController.swift in Sources */ = {isa = PBXBuildFile; fileRef = AEAA541C2476B5C100C39CD8 /* ViewController.swift */; };
		AEAA54202476B5C100C39CD8 /* Main.storyboard in Resources */ = {isa = PBXBuildFile; fileRef = AEAA541E2476B5C100C39CD8 /* Main.storyboard */; };
		AEAA54222476B5C200C39CD8 /* Assets.xcassets in Resources */ = {isa = PBXBuildFile; fileRef = AEAA54212476B5C200C39CD8 /* Assets.xcassets */; };
		AEAA54252476B5C200C39CD8 /* LaunchScreen.storyboard in Resources */ = {isa = PBXBuildFile; fileRef = AEAA54232476B5C200C39CD8 /* LaunchScreen.storyboard */; };
		AEAA54312476B6D000C39CD8 /* LoginController.swift in Sources */ = {isa = PBXBuildFile; fileRef = AEAA54302476B6D000C39CD8 /* LoginController.swift */; };
		AEAA54332476B6DF00C39CD8 /* LoginViewModel.swift in Sources */ = {isa = PBXBuildFile; fileRef = AEAA54322476B6DF00C39CD8 /* LoginViewModel.swift */; };
		AEAA54352476B6F100C39CD8 /* LoginView.swift in Sources */ = {isa = PBXBuildFile; fileRef = AEAA54342476B6F100C39CD8 /* LoginView.swift */; };
		AEC936062477F69D00EEBDA7 /* User.swift in Sources */ = {isa = PBXBuildFile; fileRef = AEC936052477F69D00EEBDA7 /* User.swift */; };
		AEC936082478092F00EEBDA7 /* MainController.swift in Sources */ = {isa = PBXBuildFile; fileRef = AEC936072478092F00EEBDA7 /* MainController.swift */; };
/* End PBXBuildFile section */

/* Begin PBXFileReference section */
		0864F4D0D3A48E7E75CB556C /* Pods-MVVM+Rxswift.release.xcconfig */ = {isa = PBXFileReference; includeInIndex = 1; lastKnownFileType = text.xcconfig; name = "Pods-MVVM+Rxswift.release.xcconfig"; path = "Target Support Files/Pods-MVVM+Rxswift/Pods-MVVM+Rxswift.release.xcconfig"; sourceTree = "<group>"; };
		0C6800B6C4C34F1881B279A4 /* Pods-MVVM+Rxswift.debug.xcconfig */ = {isa = PBXFileReference; includeInIndex = 1; lastKnownFileType = text.xcconfig; name = "Pods-MVVM+Rxswift.debug.xcconfig"; path = "Target Support Files/Pods-MVVM+Rxswift/Pods-MVVM+Rxswift.debug.xcconfig"; sourceTree = "<group>"; };
		AEAA54152476B5C100C39CD8 /* MVVM+Rxswift.app */ = {isa = PBXFileReference; explicitFileType = wrapper.application; includeInIndex = 0; path = "MVVM+Rxswift.app"; sourceTree = BUILT_PRODUCTS_DIR; };
		AEAA54182476B5C100C39CD8 /* AppDelegate.swift */ = {isa = PBXFileReference; lastKnownFileType = sourcecode.swift; path = AppDelegate.swift; sourceTree = "<group>"; };
		AEAA541A2476B5C100C39CD8 /* SceneDelegate.swift */ = {isa = PBXFileReference; lastKnownFileType = sourcecode.swift; path = SceneDelegate.swift; sourceTree = "<group>"; };
		AEAA541C2476B5C100C39CD8 /* ViewController.swift */ = {isa = PBXFileReference; lastKnownFileType = sourcecode.swift; path = ViewController.swift; sourceTree = "<group>"; };
		AEAA541F2476B5C100C39CD8 /* Base */ = {isa = PBXFileReference; lastKnownFileType = file.storyboard; name = Base; path = Base.lproj/Main.storyboard; sourceTree = "<group>"; };
		AEAA54212476B5C200C39CD8 /* Assets.xcassets */ = {isa = PBXFileReference; lastKnownFileType = folder.assetcatalog; path = Assets.xcassets; sourceTree = "<group>"; };
		AEAA54242476B5C200C39CD8 /* Base */ = {isa = PBXFileReference; lastKnownFileType = file.storyboard; name = Base; path = Base.lproj/LaunchScreen.storyboard; sourceTree = "<group>"; };
		AEAA54262476B5C200C39CD8 /* Info.plist */ = {isa = PBXFileReference; lastKnownFileType = text.plist.xml; path = Info.plist; sourceTree = "<group>"; };
		AEAA54302476B6D000C39CD8 /* LoginController.swift */ = {isa = PBXFileReference; lastKnownFileType = sourcecode.swift; path = LoginController.swift; sourceTree = "<group>"; };
		AEAA54322476B6DF00C39CD8 /* LoginViewModel.swift */ = {isa = PBXFileReference; lastKnownFileType = sourcecode.swift; path = LoginViewModel.swift; sourceTree = "<group>"; };
		AEAA54342476B6F100C39CD8 /* LoginView.swift */ = {isa = PBXFileReference; lastKnownFileType = sourcecode.swift; path = LoginView.swift; sourceTree = "<group>"; };
		AEC936052477F69D00EEBDA7 /* User.swift */ = {isa = PBXFileReference; lastKnownFileType = sourcecode.swift; path = User.swift; sourceTree = "<group>"; };
		AEC936072478092F00EEBDA7 /* MainController.swift */ = {isa = PBXFileReference; lastKnownFileType = sourcecode.swift; path = MainController.swift; sourceTree = "<group>"; };
		CBB8FA9586B40F271932CBD5 /* Pods_MVVM_Rxswift.framework */ = {isa = PBXFileReference; explicitFileType = wrapper.framework; includeInIndex = 0; path = Pods_MVVM_Rxswift.framework; sourceTree = BUILT_PRODUCTS_DIR; };
/* End PBXFileReference section */

/* Begin PBXFrameworksBuildPhase section */
		AEAA54122476B5C100C39CD8 /* Frameworks */ = {
			isa = PBXFrameworksBuildPhase;
			buildActionMask = 2147483647;
			files = (
				0AA3E0673B030831FAAA17CA /* Pods_MVVM_Rxswift.framework in Frameworks */,
			);
			runOnlyForDeploymentPostprocessing = 0;
		};
/* End PBXFrameworksBuildPhase section */

/* Begin PBXGroup section */
		185CBEC0FDF7F7A3AF1D3DC9 /* Pods */ = {
			isa = PBXGroup;
			children = (
				0C6800B6C4C34F1881B279A4 /* Pods-MVVM+Rxswift.debug.xcconfig */,
				0864F4D0D3A48E7E75CB556C /* Pods-MVVM+Rxswift.release.xcconfig */,
			);
			path = Pods;
			sourceTree = "<group>";
		};
		7E2543ACBA959B244EE19C26 /* Frameworks */ = {
			isa = PBXGroup;
			children = (
				CBB8FA9586B40F271932CBD5 /* Pods_MVVM_Rxswift.framework */,
			);
			name = Frameworks;
			sourceTree = "<group>";
		};
		AEAA540C2476B5C100C39CD8 = {
			isa = PBXGroup;
			children = (
				AEAA54172476B5C100C39CD8 /* MVVM+Rxswift */,
				AEAA54162476B5C100C39CD8 /* Products */,
				185CBEC0FDF7F7A3AF1D3DC9 /* Pods */,
				7E2543ACBA959B244EE19C26 /* Frameworks */,
			);
			sourceTree = "<group>";
		};
		AEAA54162476B5C100C39CD8 /* Products */ = {
			isa = PBXGroup;
			children = (
				AEAA54152476B5C100C39CD8 /* MVVM+Rxswift.app */,
			);
			name = Products;
			sourceTree = "<group>";
		};
		AEAA54172476B5C100C39CD8 /* MVVM+Rxswift */ = {
			isa = PBXGroup;
			children = (
				AEAA542F2476B67200C39CD8 /* Model */,
				AEAA542E2476B66D00C39CD8 /* View */,
				AEAA542D2476B66800C39CD8 /* ViewModel */,
				AEAA542C2476B65B00C39CD8 /* Conroller */,
				AEAA54182476B5C100C39CD8 /* AppDelegate.swift */,
				AEAA541A2476B5C100C39CD8 /* SceneDelegate.swift */,
				AEAA541C2476B5C100C39CD8 /* ViewController.swift */,
				AEAA541E2476B5C100C39CD8 /* Main.storyboard */,
				AEAA54212476B5C200C39CD8 /* Assets.xcassets */,
				AEAA54232476B5C200C39CD8 /* LaunchScreen.storyboard */,
				AEAA54262476B5C200C39CD8 /* Info.plist */,
			);
			path = "MVVM+Rxswift";
			sourceTree = "<group>";
		};
		AEAA542C2476B65B00C39CD8 /* Conroller */ = {
			isa = PBXGroup;
			children = (
				AEAA54302476B6D000C39CD8 /* LoginController.swift */,
				AEC936072478092F00EEBDA7 /* MainController.swift */,
			);
			path = Conroller;
			sourceTree = "<group>";
		};
		AEAA542D2476B66800C39CD8 /* ViewModel */ = {
			isa = PBXGroup;
			children = (
				AEAA54322476B6DF00C39CD8 /* LoginViewModel.swift */,
			);
			path = ViewModel;
			sourceTree = "<group>";
		};
		AEAA542E2476B66D00C39CD8 /* View */ = {
			isa = PBXGroup;
			children = (
				AEAA54342476B6F100C39CD8 /* LoginView.swift */,
			);
			path = View;
			sourceTree = "<group>";
		};
		AEAA542F2476B67200C39CD8 /* Model */ = {
			isa = PBXGroup;
			children = (
				AEC936052477F69D00EEBDA7 /* User.swift */,
			);
			path = Model;
			sourceTree = "<group>";
		};
/* End PBXGroup section */

/* Begin PBXNativeTarget section */
		AEAA54142476B5C100C39CD8 /* MVVM+Rxswift */ = {
			isa = PBXNativeTarget;
			buildConfigurationList = AEAA54292476B5C200C39CD8 /* Build configuration list for PBXNativeTarget "MVVM+Rxswift" */;
			buildPhases = (
				D403DC4819A8E3253008D736 /* [CP] Check Pods Manifest.lock */,
				AEAA54112476B5C100C39CD8 /* Sources */,
				AEAA54122476B5C100C39CD8 /* Frameworks */,
				AEAA54132476B5C100C39CD8 /* Resources */,
				929743C3A00801B27D461FF2 /* [CP] Embed Pods Frameworks */,
			);
			buildRules = (
			);
			dependencies = (
			);
			name = "MVVM+Rxswift";
			productName = "MVVM+Rxswift";
			productReference = AEAA54152476B5C100C39CD8 /* MVVM+Rxswift.app */;
			productType = "com.apple.product-type.application";
		};
/* End PBXNativeTarget section */

/* Begin PBXProject section */
		AEAA540D2476B5C100C39CD8 /* Project object */ = {
			isa = PBXProject;
			attributes = {
				LastSwiftUpdateCheck = 1130;
				LastUpgradeCheck = 1130;
				ORGANIZATIONNAME = rau4o;
				TargetAttributes = {
					AEAA54142476B5C100C39CD8 = {
						CreatedOnToolsVersion = 11.3.1;
					};
				};
			};
			buildConfigurationList = AEAA54102476B5C100C39CD8 /* Build configuration list for PBXProject "MVVM+Rxswift" */;
			compatibilityVersion = "Xcode 9.3";
			developmentRegion = en;
			hasScannedForEncodings = 0;
			knownRegions = (
				en,
				Base,
			);
			mainGroup = AEAA540C2476B5C100C39CD8;
			productRefGroup = AEAA54162476B5C100C39CD8 /* Products */;
			projectDirPath = "";
			projectRoot = "";
			targets = (
				AEAA54142476B5C100C39CD8 /* MVVM+Rxswift */,
			);
		};
/* End PBXProject section */

/* Begin PBXResourcesBuildPhase section */
		AEAA54132476B5C100C39CD8 /* Resources */ = {
			isa = PBXResourcesBuildPhase;
			buildActionMask = 2147483647;
			files = (
				AEAA54252476B5C200C39CD8 /* LaunchScreen.storyboard in Resources */,
				AEAA54222476B5C200C39CD8 /* Assets.xcassets in Resources */,
				AEAA54202476B5C100C39CD8 /* Main.storyboard in Resources */,
			);
			runOnlyForDeploymentPostprocessing = 0;
		};
/* End PBXResourcesBuildPhase section */

/* Begin PBXShellScriptBuildPhase section */
		929743C3A00801B27D461FF2 /* [CP] Embed Pods Frameworks */ = {
			isa = PBXShellScriptBuildPhase;
			buildActionMask = 2147483647;
			files = (
			);
			inputFileListPaths = (
				"${PODS_ROOT}/Target Support Files/Pods-MVVM+Rxswift/Pods-MVVM+Rxswift-frameworks-${CONFIGURATION}-input-files.xcfilelist",
			);
			name = "[CP] Embed Pods Frameworks";
			outputFileListPaths = (
				"${PODS_ROOT}/Target Support Files/Pods-MVVM+Rxswift/Pods-MVVM+Rxswift-frameworks-${CONFIGURATION}-output-files.xcfilelist",
			);
			runOnlyForDeploymentPostprocessing = 0;
			shellPath = /bin/sh;
			shellScript = "\"${PODS_ROOT}/Target Support Files/Pods-MVVM+Rxswift/Pods-MVVM+Rxswift-frameworks.sh\"\n";
			showEnvVarsInLog = 0;
		};
		D403DC4819A8E3253008D736 /* [CP] Check Pods Manifest.lock */ = {
			isa = PBXShellScriptBuildPhase;
			buildActionMask = 2147483647;
			files = (
			);
			inputFileListPaths = (
			);
			inputPaths = (
				"${PODS_PODFILE_DIR_PATH}/Podfile.lock",
				"${PODS_ROOT}/Manifest.lock",
			);
			name = "[CP] Check Pods Manifest.lock";
			outputFileListPaths = (
			);
			outputPaths = (
				"$(DERIVED_FILE_DIR)/Pods-MVVM+Rxswift-checkManifestLockResult.txt",
			);
			runOnlyForDeploymentPostprocessing = 0;
			shellPath = /bin/sh;
			shellScript = "diff \"${PODS_PODFILE_DIR_PATH}/Podfile.lock\" \"${PODS_ROOT}/Manifest.lock\" > /dev/null\nif [ $? != 0 ] ; then\n    # print error to STDERR\n    echo \"error: The sandbox is not in sync with the Podfile.lock. Run 'pod install' or update your CocoaPods installation.\" >&2\n    exit 1\nfi\n# This output is used by Xcode 'outputs' to avoid re-running this script phase.\necho \"SUCCESS\" > \"${SCRIPT_OUTPUT_FILE_0}\"\n";
			showEnvVarsInLog = 0;
		};
/* End PBXShellScriptBuildPhase section */

/* Begin PBXSourcesBuildPhase section */
		AEAA54112476B5C100C39CD8 /* Sources */ = {
			isa = PBXSourcesBuildPhase;
			buildActionMask = 2147483647;
			files = (
				AEC936082478092F00EEBDA7 /* MainController.swift in Sources */,
				AEAA54352476B6F100C39CD8 /* LoginView.swift in Sources */,
				AEAA541D2476B5C100C39CD8 /* ViewController.swift in Sources */,
				AEAA54312476B6D000C39CD8 /* LoginController.swift in Sources */,
				AEAA54192476B5C100C39CD8 /* AppDelegate.swift in Sources */,
				AEAA54332476B6DF00C39CD8 /* LoginViewModel.swift in Sources */,
				AEAA541B2476B5C100C39CD8 /* SceneDelegate.swift in Sources */,
				AEC936062477F69D00EEBDA7 /* User.swift in Sources */,
			);
			runOnlyForDeploymentPostprocessing = 0;
		};
/* End PBXSourcesBuildPhase section */

/* Begin PBXVariantGroup section */
		AEAA541E2476B5C100C39CD8 /* Main.storyboard */ = {
			isa = PBXVariantGroup;
			children = (
				AEAA541F2476B5C100C39CD8 /* Base */,
			);
			name = Main.storyboard;
			sourceTree = "<group>";
		};
		AEAA54232476B5C200C39CD8 /* LaunchScreen.storyboard */ = {
			isa = PBXVariantGroup;
			children = (
				AEAA54242476B5C200C39CD8 /* Base */,
			);
			name = LaunchScreen.storyboard;
			sourceTree = "<group>";
		};
/* End PBXVariantGroup section */

/* Begin XCBuildConfiguration section */
		AEAA54272476B5C200C39CD8 /* Debug */ = {
			isa = XCBuildConfiguration;
			buildSettings = {
				ALWAYS_SEARCH_USER_PATHS = NO;
				CLANG_ANALYZER_NONNULL = YES;
				CLANG_ANALYZER_NUMBER_OBJECT_CONVERSION = YES_AGGRESSIVE;
				CLANG_CXX_LANGUAGE_STANDARD = "gnu++14";
				CLANG_CXX_LIBRARY = "libc++";
				CLANG_ENABLE_MODULES = YES;
				CLANG_ENABLE_OBJC_ARC = YES;
				CLANG_ENABLE_OBJC_WEAK = YES;
				CLANG_WARN_BLOCK_CAPTURE_AUTORELEASING = YES;
				CLANG_WARN_BOOL_CONVERSION = YES;
				CLANG_WARN_COMMA = YES;
				CLANG_WARN_CONSTANT_CONVERSION = YES;
				CLANG_WARN_DEPRECATED_OBJC_IMPLEMENTATIONS = YES;
				CLANG_WARN_DIRECT_OBJC_ISA_USAGE = YES_ERROR;
				CLANG_WARN_DOCUMENTATION_COMMENTS = YES;
				CLANG_WARN_EMPTY_BODY = YES;
				CLANG_WARN_ENUM_CONVERSION = YES;
				CLANG_WARN_INFINITE_RECURSION = YES;
				CLANG_WARN_INT_CONVERSION = YES;
				CLANG_WARN_NON_LITERAL_NULL_CONVERSION = YES;
				CLANG_WARN_OBJC_IMPLICIT_RETAIN_SELF = YES;
				CLANG_WARN_OBJC_LITERAL_CONVERSION = YES;
				CLANG_WARN_OBJC_ROOT_CLASS = YES_ERROR;
				CLANG_WARN_RANGE_LOOP_ANALYSIS = YES;
				CLANG_WARN_STRICT_PROTOTYPES = YES;
				CLANG_WARN_SUSPICIOUS_MOVE = YES;
				CLANG_WARN_UNGUARDED_AVAILABILITY = YES_AGGRESSIVE;
				CLANG_WARN_UNREACHABLE_CODE = YES;
				CLANG_WARN__DUPLICATE_METHOD_MATCH = YES;
				COPY_PHASE_STRIP = NO;
				DEBUG_INFORMATION_FORMAT = dwarf;
				ENABLE_STRICT_OBJC_MSGSEND = YES;
				ENABLE_TESTABILITY = YES;
				GCC_C_LANGUAGE_STANDARD = gnu11;
				GCC_DYNAMIC_NO_PIC = NO;
				GCC_NO_COMMON_BLOCKS = YES;
				GCC_OPTIMIZATION_LEVEL = 0;
				GCC_PREPROCESSOR_DEFINITIONS = (
					"DEBUG=1",
					"$(inherited)",
				);
				GCC_WARN_64_TO_32_BIT_CONVERSION = YES;
				GCC_WARN_ABOUT_RETURN_TYPE = YES_ERROR;
				GCC_WARN_UNDECLARED_SELECTOR = YES;
				GCC_WARN_UNINITIALIZED_AUTOS = YES_AGGRESSIVE;
				GCC_WARN_UNUSED_FUNCTION = YES;
				GCC_WARN_UNUSED_VARIABLE = YES;
				IPHONEOS_DEPLOYMENT_TARGET = 13.2;
				MTL_ENABLE_DEBUG_INFO = INCLUDE_SOURCE;
				MTL_FAST_MATH = YES;
				ONLY_ACTIVE_ARCH = YES;
				SDKROOT = iphoneos;
				SWIFT_ACTIVE_COMPILATION_CONDITIONS = DEBUG;
				SWIFT_OPTIMIZATION_LEVEL = "-Onone";
			};
			name = Debug;
		};
		AEAA54282476B5C200C39CD8 /* Release */ = {
			isa = XCBuildConfiguration;
			buildSettings = {
				ALWAYS_SEARCH_USER_PATHS = NO;
				CLANG_ANALYZER_NONNULL = YES;
				CLANG_ANALYZER_NUMBER_OBJECT_CONVERSION = YES_AGGRESSIVE;
				CLANG_CXX_LANGUAGE_STANDARD = "gnu++14";
				CLANG_CXX_LIBRARY = "libc++";
				CLANG_ENABLE_MODULES = YES;
				CLANG_ENABLE_OBJC_ARC = YES;
				CLANG_ENABLE_OBJC_WEAK = YES;
				CLANG_WARN_BLOCK_CAPTURE_AUTORELEASING = YES;
				CLANG_WARN_BOOL_CONVERSION = YES;
				CLANG_WARN_COMMA = YES;
				CLANG_WARN_CONSTANT_CONVERSION = YES;
				CLANG_WARN_DEPRECATED_OBJC_IMPLEMENTATIONS = YES;
				CLANG_WARN_DIRECT_OBJC_ISA_USAGE = YES_ERROR;
				CLANG_WARN_DOCUMENTATION_COMMENTS = YES;
				CLANG_WARN_EMPTY_BODY = YES;
				CLANG_WARN_ENUM_CONVERSION = YES;
				CLANG_WARN_INFINITE_RECURSION = YES;
				CLANG_WARN_INT_CONVERSION = YES;
				CLANG_WARN_NON_LITERAL_NULL_CONVERSION = YES;
				CLANG_WARN_OBJC_IMPLICIT_RETAIN_SELF = YES;
				CLANG_WARN_OBJC_LITERAL_CONVERSION = YES;
				CLANG_WARN_OBJC_ROOT_CLASS = YES_ERROR;
				CLANG_WARN_RANGE_LOOP_ANALYSIS = YES;
				CLANG_WARN_STRICT_PROTOTYPES = YES;
				CLANG_WARN_SUSPICIOUS_MOVE = YES;
				CLANG_WARN_UNGUARDED_AVAILABILITY = YES_AGGRESSIVE;
				CLANG_WARN_UNREACHABLE_CODE = YES;
				CLANG_WARN__DUPLICATE_METHOD_MATCH = YES;
				COPY_PHASE_STRIP = NO;
				DEBUG_INFORMATION_FORMAT = "dwarf-with-dsym";
				ENABLE_NS_ASSERTIONS = NO;
				ENABLE_STRICT_OBJC_MSGSEND = YES;
				GCC_C_LANGUAGE_STANDARD = gnu11;
				GCC_NO_COMMON_BLOCKS = YES;
				GCC_WARN_64_TO_32_BIT_CONVERSION = YES;
				GCC_WARN_ABOUT_RETURN_TYPE = YES_ERROR;
				GCC_WARN_UNDECLARED_SELECTOR = YES;
				GCC_WARN_UNINITIALIZED_AUTOS = YES_AGGRESSIVE;
				GCC_WARN_UNUSED_FUNCTION = YES;
				GCC_WARN_UNUSED_VARIABLE = YES;
				IPHONEOS_DEPLOYMENT_TARGET = 13.2;
				MTL_ENABLE_DEBUG_INFO = NO;
				MTL_FAST_MATH = YES;
				SDKROOT = iphoneos;
				SWIFT_COMPILATION_MODE = wholemodule;
				SWIFT_OPTIMIZATION_LEVEL = "-O";
				VALIDATE_PRODUCT = YES;
			};
			name = Release;
		};
		AEAA542A2476B5C200C39CD8 /* Debug */ = {
			isa = XCBuildConfiguration;
			baseConfigurationReference = 0C6800B6C4C34F1881B279A4 /* Pods-MVVM+Rxswift.debug.xcconfig */;
			buildSettings = {
				ASSETCATALOG_COMPILER_APPICON_NAME = AppIcon;
				CODE_SIGN_STYLE = Automatic;
				DEVELOPMENT_TEAM = FATE3AU2ZJ;
				INFOPLIST_FILE = "MVVM+Rxswift/Info.plist";
				LD_RUNPATH_SEARCH_PATHS = (
					"$(inherited)",
					"@executable_path/Frameworks",
				);
				PRODUCT_BUNDLE_IDENTIFIER = "APS.MVVM-Rxswift";
				PRODUCT_NAME = "$(TARGET_NAME)";
				SWIFT_VERSION = 5.0;
				TARGETED_DEVICE_FAMILY = "1,2";
			};
			name = Debug;
		};
		AEAA542B2476B5C200C39CD8 /* Release */ = {
			isa = XCBuildConfiguration;
			baseConfigurationReference = 0864F4D0D3A48E7E75CB556C /* Pods-MVVM+Rxswift.release.xcconfig */;
			buildSettings = {
				ASSETCATALOG_COMPILER_APPICON_NAME = AppIcon;
				CODE_SIGN_STYLE = Automatic;
				DEVELOPMENT_TEAM = FATE3AU2ZJ;
				INFOPLIST_FILE = "MVVM+Rxswift/Info.plist";
				LD_RUNPATH_SEARCH_PATHS = (
					"$(inherited)",
					"@executable_path/Frameworks",
				);
				PRODUCT_BUNDLE_IDENTIFIER = "APS.MVVM-Rxswift";
				PRODUCT_NAME = "$(TARGET_NAME)";
				SWIFT_VERSION = 5.0;
				TARGETED_DEVICE_FAMILY = "1,2";
			};
			name = Release;
		};
/* End XCBuildConfiguration section */

/* Begin XCConfigurationList section */
		AEAA54102476B5C100C39CD8 /* Build configuration list for PBXProject "MVVM+Rxswift" */ = {
			isa = XCConfigurationList;
			buildConfigurations = (
				AEAA54272476B5C200C39CD8 /* Debug */,
				AEAA54282476B5C200C39CD8 /* Release */,
			);
			defaultConfigurationIsVisible = 0;
			defaultConfigurationName = Release;
		};
		AEAA54292476B5C200C39CD8 /* Build configuration list for PBXNativeTarget "MVVM+Rxswift" */ = {
			isa = XCConfigurationList;
			buildConfigurations = (
				AEAA542A2476B5C200C39CD8 /* Debug */,
				AEAA542B2476B5C200C39CD8 /* Release */,
			);
			defaultConfigurationIsVisible = 0;
			defaultConfigurationName = Release;
		};
/* End XCConfigurationList section */
	};
	rootObject = AEAA540D2476B5C100C39CD8 /* Project object */;
}
